<?xml version="1.0" encoding="UTF-8" standalone="yes" ?>
<CodeBlocks_project_file>
	<FileVersion major="1" minor="6" />
	<Project>
		<Option title="codeblockstart" />
		<Option pch_mode="2" />
		<Option compiler="gcc" />
		<Build>
			<Target title="Debug">
				<Option output="bin/Debug/codeblockstart" prefix_auto="1" extension_auto="1" />
				<Option object_output="obj/Debug/" />
				<Option type="1" />
				<Option compiler="gcc" />
				<Compiler>
					<Add option="-g" />
				</Compiler>
			</Target>
			<Target title="Release">
				<Option output="bin/Release/codeblockstart" prefix_auto="1" extension_auto="1" />
				<Option object_output="obj/Release/" />
				<Option type="1" />
				<Option compiler="gcc" />
				<Compiler>
					<Add option="-O2" />
				</Compiler>
				<Linker>
					<Add option="-s" />
				</Linker>
			</Target>
		</Build>
		<Compiler>
			<Add option="-Wall" />
			<Add option="-fexceptions" />
		</Compiler>
		<Unit filename="BeamBCs.h" />
		<Unit filename="BeamNodeDof.h" />
		<Unit filename="Calculus.h" />
		<Unit filename="Center.h" />
		<Unit filename="Continuity.h" />
		<Unit filename="DOF.h" />
		<Unit filename="Deformed.h" />
		<Unit filename="Edge.h" />
		<Unit filename="EigenSolver.h" />
		<Unit filename="Force.h" />
		<Unit filename="Hermite.h" />
		<Unit filename="HigherOrderBeamLib.h" />
		<Unit filename="Inertia.h" />
		<Unit filename="JointConstraint.h" />
		<Unit filename="LGQ.h" />
		<Unit filename="LinearAlgebra.h" />
		<Unit filename="Modegen.cpp" />
		<Unit filename="NodalResults.h" />
		<Unit filename="Order.h" />
		<Unit filename="PSI.h" />
		<Unit filename="Probtune.h" />
		<Unit filename="ScaleFactor.h" />
		<Unit filename="Stress.h" />
		<Unit filename="Sysmat.h" />
		<Unit filename="main.cpp" />
		<Unit filename="nDirectional.h" />
		<Extensions />
	</Project>
</CodeBlocks_project_file>
